// !$*UTF8*$!
{
	archiveVersion = 1;
	classes = {
	};
	objectVersion = 46;
	objects = {

/* Begin PBXBuildFile section */
		3A17A0F319F3D65900888B04 /* AHGame.m in Sources */ = {isa = PBXBuildFile; fileRef = 3A17A0F219F3D65900888B04 /* AHGame.m */; };
		3A24B80F18A942F600E93EBB /* Foundation.framework in Frameworks */ = {isa = PBXBuildFile; fileRef = 3A24B80E18A942F600E93EBB /* Foundation.framework */; };
		3A24B81118A942F600E93EBB /* CoreGraphics.framework in Frameworks */ = {isa = PBXBuildFile; fileRef = 3A24B81018A942F600E93EBB /* CoreGraphics.framework */; };
		3A24B81318A942F600E93EBB /* UIKit.framework in Frameworks */ = {isa = PBXBuildFile; fileRef = 3A24B81218A942F600E93EBB /* UIKit.framework */; };
		3A24B81918A942F600E93EBB /* InfoPlist.strings in Resources */ = {isa = PBXBuildFile; fileRef = 3A24B81718A942F600E93EBB /* InfoPlist.strings */; };
		3A24B81B18A942F600E93EBB /* main.m in Sources */ = {isa = PBXBuildFile; fileRef = 3A24B81A18A942F600E93EBB /* main.m */; };
		3A24B81F18A942F600E93EBB /* AHAppDelegate.m in Sources */ = {isa = PBXBuildFile; fileRef = 3A24B81E18A942F600E93EBB /* AHAppDelegate.m */; };
		3A24B82518A942F600E93EBB /* AHGameViewController.m in Sources */ = {isa = PBXBuildFile; fileRef = 3A24B82418A942F600E93EBB /* AHGameViewController.m */; };
		3A24B82E18A942F600E93EBB /* XCTest.framework in Frameworks */ = {isa = PBXBuildFile; fileRef = 3A24B82D18A942F600E93EBB /* XCTest.framework */; };
		3A24B82F18A942F600E93EBB /* Foundation.framework in Frameworks */ = {isa = PBXBuildFile; fileRef = 3A24B80E18A942F600E93EBB /* Foundation.framework */; };
		3A24B83018A942F600E93EBB /* UIKit.framework in Frameworks */ = {isa = PBXBuildFile; fileRef = 3A24B81218A942F600E93EBB /* UIKit.framework */; };
		3A24B83818A942F600E93EBB /* InfoPlist.strings in Resources */ = {isa = PBXBuildFile; fileRef = 3A24B83618A942F600E93EBB /* InfoPlist.strings */; };
		3A24B83A18A942F600E93EBB /* BerriesTests.m in Sources */ = {isa = PBXBuildFile; fileRef = 3A24B83918A942F600E93EBB /* BerriesTests.m */; };
		3A24B84418A9438D00E93EBB /* SpriteKit.framework in Frameworks */ = {isa = PBXBuildFile; fileRef = 3A24B84318A9438D00E93EBB /* SpriteKit.framework */; };
		3A24B84718A9445400E93EBB /* AHGameScene.m in Sources */ = {isa = PBXBuildFile; fileRef = 3A24B84618A9445400E93EBB /* AHGameScene.m */; };
		3A4F02A119D03DEA004D520C /* AHMenuViewController.m in Sources */ = {isa = PBXBuildFile; fileRef = 3A4F02A019D03DEA004D520C /* AHMenuViewController.m */; };
		3A7B4108199B9E6A00B012BD /* Main.storyboard in Resources */ = {isa = PBXBuildFile; fileRef = 3A24B82018A942F600E93EBB /* Main.storyboard */; };
		3A7C529019D01ABD00B3AC7F /* KGSecondChancesSolid.ttf in Resources */ = {isa = PBXBuildFile; fileRef = 3A7B4110199BA62600B012BD /* KGSecondChancesSolid.ttf */; };
		3A823A6419E972C600B641BC /* Images.xcassets in Resources */ = {isa = PBXBuildFile; fileRef = 3A823A6319E972C600B641BC /* Images.xcassets */; };
		3A8B2F1C1972CB9C008669EB /* AHMainMenuViewController.m in Sources */ = {isa = PBXBuildFile; fileRef = 3A8B2F1B1972CB9C008669EB /* AHMainMenuViewController.m */; };
		3A8B2F211972CDC7008669EB /* AHFallingBerriesScene.m in Sources */ = {isa = PBXBuildFile; fileRef = 3A8B2F201972CDC7008669EB /* AHFallingBerriesScene.m */; };
		3A93D23719FD767D00B938E5 /* GameKit.framework in Frameworks */ = {isa = PBXBuildFile; fileRef = 3A93D23619FD767D00B938E5 /* GameKit.framework */; };
		3A9E28501A015E9E00DBDFC2 /* Launch Screen.xib in Resources */ = {isa = PBXBuildFile; fileRef = 3A9E284F1A015E9E00DBDFC2 /* Launch Screen.xib */; };
		3A9E28531A0163BE00DBDFC2 /* AHCampSprite.m in Sources */ = {isa = PBXBuildFile; fileRef = 3A9E28521A0163BE00DBDFC2 /* AHCampSprite.m */; };
		3AAD1E7D18ABD5A200E843BA /* AHBerrySprite.m in Sources */ = {isa = PBXBuildFile; fileRef = 3AAD1E7C18ABD5A200E843BA /* AHBerrySprite.m */; };
		3AD9B9D919742E950021868D /* CoreText.framework in Frameworks */ = {isa = PBXBuildFile; fileRef = 3AD9B9D819742E950021868D /* CoreText.framework */; };
		3AD9B9DB19742E9B0021868D /* QuartzCore.framework in Frameworks */ = {isa = PBXBuildFile; fileRef = 3AD9B9DA19742E9B0021868D /* QuartzCore.framework */; };
		3AD9B9DD19742EA20021868D /* Security.framework in Frameworks */ = {isa = PBXBuildFile; fileRef = 3AD9B9DC19742EA20021868D /* Security.framework */; };
		3AD9B9DF19742EAA0021868D /* SystemConfiguration.framework in Frameworks */ = {isa = PBXBuildFile; fileRef = 3AD9B9DE19742EAA0021868D /* SystemConfiguration.framework */; };
/* End PBXBuildFile section */

/* Begin PBXContainerItemProxy section */
		3A24B83118A942F600E93EBB /* PBXContainerItemProxy */ = {
			isa = PBXContainerItemProxy;
			containerPortal = 3A24B80318A942F600E93EBB /* Project object */;
			proxyType = 1;
			remoteGlobalIDString = 3A24B80A18A942F600E93EBB;
			remoteInfo = Berries;
		};
		3A5D3FB6197DB263000DC52D /* PBXContainerItemProxy */ = {
			isa = PBXContainerItemProxy;
			containerPortal = 3A24B80318A942F600E93EBB /* Project object */;
			proxyType = 1;
			remoteGlobalIDString = 3A24B80A18A942F600E93EBB;
			remoteInfo = Berries;
		};
		3A5D3FB8197DB263000DC52D /* PBXContainerItemProxy */ = {
			isa = PBXContainerItemProxy;
			containerPortal = 3A24B80318A942F600E93EBB /* Project object */;
			proxyType = 1;
			remoteGlobalIDString = 3A24B80A18A942F600E93EBB;
			remoteInfo = Berries;
		};
/* End PBXContainerItemProxy section */

/* Begin PBXFileReference section */
		3A17A0F119F3D65900888B04 /* AHGame.h */ = {isa = PBXFileReference; fileEncoding = 4; lastKnownFileType = sourcecode.c.h; path = AHGame.h; sourceTree = "<group>"; };
		3A17A0F219F3D65900888B04 /* AHGame.m */ = {isa = PBXFileReference; fileEncoding = 4; lastKnownFileType = sourcecode.c.objc; path = AHGame.m; sourceTree = "<group>"; };
		3A24B80B18A942F600E93EBB /* Berries.app */ = {isa = PBXFileReference; explicitFileType = wrapper.application; includeInIndex = 0; path = Berries.app; sourceTree = BUILT_PRODUCTS_DIR; };
		3A24B80E18A942F600E93EBB /* Foundation.framework */ = {isa = PBXFileReference; lastKnownFileType = wrapper.framework; name = Foundation.framework; path = System/Library/Frameworks/Foundation.framework; sourceTree = SDKROOT; };
		3A24B81018A942F600E93EBB /* CoreGraphics.framework */ = {isa = PBXFileReference; lastKnownFileType = wrapper.framework; name = CoreGraphics.framework; path = System/Library/Frameworks/CoreGraphics.framework; sourceTree = SDKROOT; };
		3A24B81218A942F600E93EBB /* UIKit.framework */ = {isa = PBXFileReference; lastKnownFileType = wrapper.framework; name = UIKit.framework; path = System/Library/Frameworks/UIKit.framework; sourceTree = SDKROOT; };
		3A24B81618A942F600E93EBB /* Berries-Info.plist */ = {isa = PBXFileReference; lastKnownFileType = text.plist.xml; path = "Berries-Info.plist"; sourceTree = "<group>"; };
		3A24B81818A942F600E93EBB /* en */ = {isa = PBXFileReference; lastKnownFileType = text.plist.strings; name = en; path = en.lproj/InfoPlist.strings; sourceTree = "<group>"; };
		3A24B81A18A942F600E93EBB /* main.m */ = {isa = PBXFileReference; lastKnownFileType = sourcecode.c.objc; path = main.m; sourceTree = "<group>"; };
		3A24B81C18A942F600E93EBB /* Berries-Prefix.pch */ = {isa = PBXFileReference; lastKnownFileType = sourcecode.c.h; path = "Berries-Prefix.pch"; sourceTree = "<group>"; };
		3A24B81D18A942F600E93EBB /* AHAppDelegate.h */ = {isa = PBXFileReference; lastKnownFileType = sourcecode.c.h; path = AHAppDelegate.h; sourceTree = "<group>"; };
		3A24B81E18A942F600E93EBB /* AHAppDelegate.m */ = {isa = PBXFileReference; lastKnownFileType = sourcecode.c.objc; path = AHAppDelegate.m; sourceTree = "<group>"; };
		3A24B82118A942F600E93EBB /* Base */ = {isa = PBXFileReference; lastKnownFileType = file.storyboard; name = Base; path = Base.lproj/Main.storyboard; sourceTree = "<group>"; };
		3A24B82318A942F600E93EBB /* AHGameViewController.h */ = {isa = PBXFileReference; lastKnownFileType = sourcecode.c.h; path = AHGameViewController.h; sourceTree = "<group>"; };
		3A24B82418A942F600E93EBB /* AHGameViewController.m */ = {isa = PBXFileReference; lastKnownFileType = sourcecode.c.objc; path = AHGameViewController.m; sourceTree = "<group>"; };
		3A24B82C18A942F600E93EBB /* BerriesTests.xctest */ = {isa = PBXFileReference; explicitFileType = wrapper.cfbundle; includeInIndex = 0; path = BerriesTests.xctest; sourceTree = BUILT_PRODUCTS_DIR; };
		3A24B82D18A942F600E93EBB /* XCTest.framework */ = {isa = PBXFileReference; lastKnownFileType = wrapper.framework; name = XCTest.framework; path = Library/Frameworks/XCTest.framework; sourceTree = DEVELOPER_DIR; };
		3A24B83518A942F600E93EBB /* BerriesTests-Info.plist */ = {isa = PBXFileReference; lastKnownFileType = text.plist.xml; path = "BerriesTests-Info.plist"; sourceTree = "<group>"; };
		3A24B83718A942F600E93EBB /* en */ = {isa = PBXFileReference; lastKnownFileType = text.plist.strings; name = en; path = en.lproj/InfoPlist.strings; sourceTree = "<group>"; };
		3A24B83918A942F600E93EBB /* BerriesTests.m */ = {isa = PBXFileReference; lastKnownFileType = sourcecode.c.objc; path = BerriesTests.m; sourceTree = "<group>"; };
		3A24B84318A9438D00E93EBB /* SpriteKit.framework */ = {isa = PBXFileReference; lastKnownFileType = wrapper.framework; name = SpriteKit.framework; path = System/Library/Frameworks/SpriteKit.framework; sourceTree = SDKROOT; };
		3A24B84518A9445400E93EBB /* AHGameScene.h */ = {isa = PBXFileReference; fileEncoding = 4; lastKnownFileType = sourcecode.c.h; path = AHGameScene.h; sourceTree = "<group>"; };
		3A24B84618A9445400E93EBB /* AHGameScene.m */ = {isa = PBXFileReference; fileEncoding = 4; lastKnownFileType = sourcecode.c.objc; path = AHGameScene.m; sourceTree = "<group>"; };
		3A4F029F19D03DEA004D520C /* AHMenuViewController.h */ = {isa = PBXFileReference; fileEncoding = 4; lastKnownFileType = sourcecode.c.h; path = AHMenuViewController.h; sourceTree = "<group>"; };
		3A4F02A019D03DEA004D520C /* AHMenuViewController.m */ = {isa = PBXFileReference; fileEncoding = 4; lastKnownFileType = sourcecode.c.objc; path = AHMenuViewController.m; sourceTree = "<group>"; };
		3A5281531A20CDE500D6B27F /* .gitignore */ = {isa = PBXFileReference; lastKnownFileType = text; path = .gitignore; sourceTree = "<group>"; };
		3A7B4110199BA62600B012BD /* KGSecondChancesSolid.ttf */ = {isa = PBXFileReference; lastKnownFileType = file; path = KGSecondChancesSolid.ttf; sourceTree = "<group>"; };
		3A823A6319E972C600B641BC /* Images.xcassets */ = {isa = PBXFileReference; lastKnownFileType = folder.assetcatalog; path = Images.xcassets; sourceTree = "<group>"; };
		3A8B2F1A1972CB9C008669EB /* AHMainMenuViewController.h */ = {isa = PBXFileReference; fileEncoding = 4; lastKnownFileType = sourcecode.c.h; path = AHMainMenuViewController.h; sourceTree = "<group>"; };
		3A8B2F1B1972CB9C008669EB /* AHMainMenuViewController.m */ = {isa = PBXFileReference; fileEncoding = 4; lastKnownFileType = sourcecode.c.objc; path = AHMainMenuViewController.m; sourceTree = "<group>"; };
		3A8B2F1F1972CDC7008669EB /* AHFallingBerriesScene.h */ = {isa = PBXFileReference; fileEncoding = 4; lastKnownFileType = sourcecode.c.h; path = AHFallingBerriesScene.h; sourceTree = "<group>"; };
		3A8B2F201972CDC7008669EB /* AHFallingBerriesScene.m */ = {isa = PBXFileReference; fileEncoding = 4; lastKnownFileType = sourcecode.c.objc; path = AHFallingBerriesScene.m; sourceTree = "<group>"; };
		3A93D23619FD767D00B938E5 /* GameKit.framework */ = {isa = PBXFileReference; lastKnownFileType = wrapper.framework; name = GameKit.framework; path = System/Library/Frameworks/GameKit.framework; sourceTree = SDKROOT; };
		3A9E284F1A015E9E00DBDFC2 /* Launch Screen.xib */ = {isa = PBXFileReference; fileEncoding = 4; lastKnownFileType = file.xib; path = "Launch Screen.xib"; sourceTree = "<group>"; };
		3A9E28511A0163BE00DBDFC2 /* AHCampSprite.h */ = {isa = PBXFileReference; fileEncoding = 4; lastKnownFileType = sourcecode.c.h; path = AHCampSprite.h; sourceTree = "<group>"; };
		3A9E28521A0163BE00DBDFC2 /* AHCampSprite.m */ = {isa = PBXFileReference; fileEncoding = 4; lastKnownFileType = sourcecode.c.objc; path = AHCampSprite.m; sourceTree = "<group>"; };
		3A9E285D1A0369E100DBDFC2 /* AHDismissViewControllerProtocol.h */ = {isa = PBXFileReference; fileEncoding = 4; lastKnownFileType = sourcecode.c.h; path = AHDismissViewControllerProtocol.h; sourceTree = "<group>"; };
		3AAD1E7B18ABD5A200E843BA /* AHBerrySprite.h */ = {isa = PBXFileReference; fileEncoding = 4; lastKnownFileType = sourcecode.c.h; path = AHBerrySprite.h; sourceTree = "<group>"; };
		3AAD1E7C18ABD5A200E843BA /* AHBerrySprite.m */ = {isa = PBXFileReference; fileEncoding = 4; lastKnownFileType = sourcecode.c.objc; path = AHBerrySprite.m; sourceTree = "<group>"; };
		3AD9B9D819742E950021868D /* CoreText.framework */ = {isa = PBXFileReference; lastKnownFileType = wrapper.framework; name = CoreText.framework; path = System/Library/Frameworks/CoreText.framework; sourceTree = SDKROOT; };
		3AD9B9DA19742E9B0021868D /* QuartzCore.framework */ = {isa = PBXFileReference; lastKnownFileType = wrapper.framework; name = QuartzCore.framework; path = System/Library/Frameworks/QuartzCore.framework; sourceTree = SDKROOT; };
		3AD9B9DC19742EA20021868D /* Security.framework */ = {isa = PBXFileReference; lastKnownFileType = wrapper.framework; name = Security.framework; path = System/Library/Frameworks/Security.framework; sourceTree = SDKROOT; };
		3AD9B9DE19742EAA0021868D /* SystemConfiguration.framework */ = {isa = PBXFileReference; lastKnownFileType = wrapper.framework; name = SystemConfiguration.framework; path = System/Library/Frameworks/SystemConfiguration.framework; sourceTree = SDKROOT; };
/* End PBXFileReference section */

/* Begin PBXFrameworksBuildPhase section */
		3A24B80818A942F600E93EBB /* Frameworks */ = {
			isa = PBXFrameworksBuildPhase;
			buildActionMask = 2147483647;
			files = (
				3A93D23719FD767D00B938E5 /* GameKit.framework in Frameworks */,
				3AD9B9DF19742EAA0021868D /* SystemConfiguration.framework in Frameworks */,
				3AD9B9DD19742EA20021868D /* Security.framework in Frameworks */,
				3AD9B9DB19742E9B0021868D /* QuartzCore.framework in Frameworks */,
				3AD9B9D919742E950021868D /* CoreText.framework in Frameworks */,
				3A24B84418A9438D00E93EBB /* SpriteKit.framework in Frameworks */,
				3A24B81118A942F600E93EBB /* CoreGraphics.framework in Frameworks */,
				3A24B81318A942F600E93EBB /* UIKit.framework in Frameworks */,
				3A24B80F18A942F600E93EBB /* Foundation.framework in Frameworks */,
			);
			runOnlyForDeploymentPostprocessing = 0;
		};
		3A24B82918A942F600E93EBB /* Frameworks */ = {
			isa = PBXFrameworksBuildPhase;
			buildActionMask = 2147483647;
			files = (
				3A24B82E18A942F600E93EBB /* XCTest.framework in Frameworks */,
				3A24B83018A942F600E93EBB /* UIKit.framework in Frameworks */,
				3A24B82F18A942F600E93EBB /* Foundation.framework in Frameworks */,
			);
			runOnlyForDeploymentPostprocessing = 0;
		};
/* End PBXFrameworksBuildPhase section */

/* Begin PBXGroup section */
		3A24B80218A942F600E93EBB = {
			isa = PBXGroup;
			children = (
				3A5281531A20CDE500D6B27F /* .gitignore */,
				3A24B81418A942F600E93EBB /* Berries */,
				3A24B83318A942F600E93EBB /* BerriesTests */,
				3A24B80D18A942F600E93EBB /* Frameworks */,
				3A24B80C18A942F600E93EBB /* Products */,
			);
			sourceTree = "<group>";
		};
		3A24B80C18A942F600E93EBB /* Products */ = {
			isa = PBXGroup;
			children = (
				3A24B80B18A942F600E93EBB /* Berries.app */,
				3A24B82C18A942F600E93EBB /* BerriesTests.xctest */,
			);
			name = Products;
			sourceTree = "<group>";
		};
		3A24B80D18A942F600E93EBB /* Frameworks */ = {
			isa = PBXGroup;
			children = (
				3A93D23619FD767D00B938E5 /* GameKit.framework */,
				3AD9B9DE19742EAA0021868D /* SystemConfiguration.framework */,
				3AD9B9DC19742EA20021868D /* Security.framework */,
				3AD9B9DA19742E9B0021868D /* QuartzCore.framework */,
				3AD9B9D819742E950021868D /* CoreText.framework */,
				3A24B84318A9438D00E93EBB /* SpriteKit.framework */,
				3A24B80E18A942F600E93EBB /* Foundation.framework */,
				3A24B81018A942F600E93EBB /* CoreGraphics.framework */,
				3A24B81218A942F600E93EBB /* UIKit.framework */,
				3A24B82D18A942F600E93EBB /* XCTest.framework */,
			);
			name = Frameworks;
			sourceTree = "<group>";
		};
		3A24B81418A942F600E93EBB /* Berries */ = {
			isa = PBXGroup;
			children = (
				3A7B410E199BA57400B012BD /* Fonts */,
				3A8B2F1D1972CC6F008669EB /* User Interface */,
				3A8B2F1E1972CC90008669EB /* Game */,
				3A24B81518A942F600E93EBB /* Supporting Files */,
			);
			path = Berries;
			sourceTree = "<group>";
		};
		3A24B81518A942F600E93EBB /* Supporting Files */ = {
			isa = PBXGroup;
			children = (
				3A24B81D18A942F600E93EBB /* AHAppDelegate.h */,
				3A24B81E18A942F600E93EBB /* AHAppDelegate.m */,
				3A24B81618A942F600E93EBB /* Berries-Info.plist */,
				3A24B81718A942F600E93EBB /* InfoPlist.strings */,
				3A24B81A18A942F600E93EBB /* main.m */,
				3A24B81C18A942F600E93EBB /* Berries-Prefix.pch */,
			);
			name = "Supporting Files";
			sourceTree = "<group>";
		};
		3A24B83318A942F600E93EBB /* BerriesTests */ = {
			isa = PBXGroup;
			children = (
				3A24B83918A942F600E93EBB /* BerriesTests.m */,
				3A24B83418A942F600E93EBB /* Supporting Files */,
			);
			path = BerriesTests;
			sourceTree = "<group>";
		};
		3A24B83418A942F600E93EBB /* Supporting Files */ = {
			isa = PBXGroup;
			children = (
				3A24B83518A942F600E93EBB /* BerriesTests-Info.plist */,
				3A24B83618A942F600E93EBB /* InfoPlist.strings */,
			);
			name = "Supporting Files";
			sourceTree = "<group>";
		};
		3A7B410E199BA57400B012BD /* Fonts */ = {
			isa = PBXGroup;
			children = (
				3A7B4110199BA62600B012BD /* KGSecondChancesSolid.ttf */,
			);
			name = Fonts;
			sourceTree = "<group>";
		};
		3A7B410F199BA58B00B012BD /* Resources */ = {
			isa = PBXGroup;
			children = (
				3A24B82018A942F600E93EBB /* Main.storyboard */,
				3A9E284F1A015E9E00DBDFC2 /* Launch Screen.xib */,
				3A823A6319E972C600B641BC /* Images.xcassets */,
			);
			name = Resources;
			sourceTree = "<group>";
		};
		3A8B2F1D1972CC6F008669EB /* User Interface */ = {
			isa = PBXGroup;
			children = (
				3A7B410F199BA58B00B012BD /* Resources */,
				3A8B2F1A1972CB9C008669EB /* AHMainMenuViewController.h */,
				3A8B2F1B1972CB9C008669EB /* AHMainMenuViewController.m */,
				3A24B82318A942F600E93EBB /* AHGameViewController.h */,
				3A24B82418A942F600E93EBB /* AHGameViewController.m */,
				3A4F029F19D03DEA004D520C /* AHMenuViewController.h */,
				3A4F02A019D03DEA004D520C /* AHMenuViewController.m */,
				3A8B2F1F1972CDC7008669EB /* AHFallingBerriesScene.h */,
				3A8B2F201972CDC7008669EB /* AHFallingBerriesScene.m */,
				3A9E285D1A0369E100DBDFC2 /* AHDismissViewControllerProtocol.h */,
			);
			name = "User Interface";
			sourceTree = "<group>";
		};
		3A8B2F1E1972CC90008669EB /* Game */ = {
			isa = PBXGroup;
			children = (
				3A24B84518A9445400E93EBB /* AHGameScene.h */,
				3A24B84618A9445400E93EBB /* AHGameScene.m */,
				3A17A0F119F3D65900888B04 /* AHGame.h */,
				3A17A0F219F3D65900888B04 /* AHGame.m */,
				3AAD1E7B18ABD5A200E843BA /* AHBerrySprite.h */,
				3AAD1E7C18ABD5A200E843BA /* AHBerrySprite.m */,
				3A9E28511A0163BE00DBDFC2 /* AHCampSprite.h */,
				3A9E28521A0163BE00DBDFC2 /* AHCampSprite.m */,
			);
			name = Game;
			sourceTree = "<group>";
		};
/* End PBXGroup section */

/* Begin PBXNativeTarget section */
		3A24B80A18A942F600E93EBB /* Berries */ = {
			isa = PBXNativeTarget;
			buildConfigurationList = 3A24B83D18A942F600E93EBB /* Build configuration list for PBXNativeTarget "Berries" */;
			buildPhases = (
				3A24B80718A942F600E93EBB /* Sources */,
				3A24B80818A942F600E93EBB /* Frameworks */,
				3A24B80918A942F600E93EBB /* Resources */,
			);
			buildRules = (
			);
			dependencies = (
			);
			name = Berries;
			productName = Berries;
			productReference = 3A24B80B18A942F600E93EBB /* Berries.app */;
			productType = "com.apple.product-type.application";
		};
		3A24B82B18A942F600E93EBB /* BerriesTests */ = {
			isa = PBXNativeTarget;
			buildConfigurationList = 3A24B84018A942F600E93EBB /* Build configuration list for PBXNativeTarget "BerriesTests" */;
			buildPhases = (
				3A24B82818A942F600E93EBB /* Sources */,
				3A24B82918A942F600E93EBB /* Frameworks */,
				3A24B82A18A942F600E93EBB /* Resources */,
			);
			buildRules = (
			);
			dependencies = (
				3A24B83218A942F600E93EBB /* PBXTargetDependency */,
				3A5D3FB7197DB263000DC52D /* PBXTargetDependency */,
				3A5D3FB9197DB263000DC52D /* PBXTargetDependency */,
			);
			name = BerriesTests;
			productName = BerriesTests;
			productReference = 3A24B82C18A942F600E93EBB /* BerriesTests.xctest */;
			productType = "com.apple.product-type.bundle.unit-test";
		};
/* End PBXNativeTarget section */

/* Begin PBXProject section */
		3A24B80318A942F600E93EBB /* Project object */ = {
			isa = PBXProject;
			attributes = {
				CLASSPREFIX = AH;
				LastUpgradeCheck = 0600;
				ORGANIZATIONNAME = "Adrian Hamelink";
				TargetAttributes = {
					3A24B80A18A942F600E93EBB = {
						DevelopmentTeam = F46D677HSK;
						SystemCapabilities = {
							com.apple.GameCenter = {
								enabled = 1;
							};
						};
					};
					3A24B82B18A942F600E93EBB = {
						TestTargetID = 3A24B80A18A942F600E93EBB;
					};
				};
			};
			buildConfigurationList = 3A24B80618A942F600E93EBB /* Build configuration list for PBXProject "Berries" */;
			compatibilityVersion = "Xcode 3.2";
			developmentRegion = English;
			hasScannedForEncodings = 0;
			knownRegions = (
				en,
				Base,
			);
			mainGroup = 3A24B80218A942F600E93EBB;
			productRefGroup = 3A24B80C18A942F600E93EBB /* Products */;
			projectDirPath = "";
			projectRoot = "";
			targets = (
				3A24B80A18A942F600E93EBB /* Berries */,
				3A24B82B18A942F600E93EBB /* BerriesTests */,
			);
		};
/* End PBXProject section */

/* Begin PBXResourcesBuildPhase section */
		3A24B80918A942F600E93EBB /* Resources */ = {
			isa = PBXResourcesBuildPhase;
			buildActionMask = 2147483647;
			files = (
				3A7C529019D01ABD00B3AC7F /* KGSecondChancesSolid.ttf in Resources */,
				3A823A6419E972C600B641BC /* Images.xcassets in Resources */,
				3A9E28501A015E9E00DBDFC2 /* Launch Screen.xib in Resources */,
				3A7B4108199B9E6A00B012BD /* Main.storyboard in Resources */,
				3A24B81918A942F600E93EBB /* InfoPlist.strings in Resources */,
			);
			runOnlyForDeploymentPostprocessing = 0;
		};
		3A24B82A18A942F600E93EBB /* Resources */ = {
			isa = PBXResourcesBuildPhase;
			buildActionMask = 2147483647;
			files = (
				3A24B83818A942F600E93EBB /* InfoPlist.strings in Resources */,
			);
			runOnlyForDeploymentPostprocessing = 0;
		};
/* End PBXResourcesBuildPhase section */

/* Begin PBXSourcesBuildPhase section */
		3A24B80718A942F600E93EBB /* Sources */ = {
			isa = PBXSourcesBuildPhase;
			buildActionMask = 2147483647;
			files = (
				3A24B84718A9445400E93EBB /* AHGameScene.m in Sources */,
				3A9E28531A0163BE00DBDFC2 /* AHCampSprite.m in Sources */,
				3AAD1E7D18ABD5A200E843BA /* AHBerrySprite.m in Sources */,
				3A17A0F319F3D65900888B04 /* AHGame.m in Sources */,
				3A8B2F211972CDC7008669EB /* AHFallingBerriesScene.m in Sources */,
				3A24B81B18A942F600E93EBB /* main.m in Sources */,
				3A4F02A119D03DEA004D520C /* AHMenuViewController.m in Sources */,
				3A24B82518A942F600E93EBB /* AHGameViewController.m in Sources */,
				3A8B2F1C1972CB9C008669EB /* AHMainMenuViewController.m in Sources */,
				3A24B81F18A942F600E93EBB /* AHAppDelegate.m in Sources */,
			);
			runOnlyForDeploymentPostprocessing = 0;
		};
		3A24B82818A942F600E93EBB /* Sources */ = {
			isa = PBXSourcesBuildPhase;
			buildActionMask = 2147483647;
			files = (
				3A24B83A18A942F600E93EBB /* BerriesTests.m in Sources */,
			);
			runOnlyForDeploymentPostprocessing = 0;
		};
/* End PBXSourcesBuildPhase section */

/* Begin PBXTargetDependency section */
		3A24B83218A942F600E93EBB /* PBXTargetDependency */ = {
			isa = PBXTargetDependency;
			target = 3A24B80A18A942F600E93EBB /* Berries */;
			targetProxy = 3A24B83118A942F600E93EBB /* PBXContainerItemProxy */;
		};
		3A5D3FB7197DB263000DC52D /* PBXTargetDependency */ = {
			isa = PBXTargetDependency;
			target = 3A24B80A18A942F600E93EBB /* Berries */;
			targetProxy = 3A5D3FB6197DB263000DC52D /* PBXContainerItemProxy */;
		};
		3A5D3FB9197DB263000DC52D /* PBXTargetDependency */ = {
			isa = PBXTargetDependency;
			target = 3A24B80A18A942F600E93EBB /* Berries */;
			targetProxy = 3A5D3FB8197DB263000DC52D /* PBXContainerItemProxy */;
		};
/* End PBXTargetDependency section */

/* Begin PBXVariantGroup section */
		3A24B81718A942F600E93EBB /* InfoPlist.strings */ = {
			isa = PBXVariantGroup;
			children = (
				3A24B81818A942F600E93EBB /* en */,
			);
			name = InfoPlist.strings;
			sourceTree = "<group>";
		};
		3A24B82018A942F600E93EBB /* Main.storyboard */ = {
			isa = PBXVariantGroup;
			children = (
				3A24B82118A942F600E93EBB /* Base */,
			);
			name = Main.storyboard;
			sourceTree = "<group>";
		};
		3A24B83618A942F600E93EBB /* InfoPlist.strings */ = {
			isa = PBXVariantGroup;
			children = (
				3A24B83718A942F600E93EBB /* en */,
			);
			name = InfoPlist.strings;
			sourceTree = "<group>";
		};
/* End PBXVariantGroup section */

/* Begin XCBuildConfiguration section */
		3A24B83B18A942F600E93EBB /* Debug */ = {
			isa = XCBuildConfiguration;
			buildSettings = {
				ALWAYS_SEARCH_USER_PATHS = NO;
				CLANG_CXX_LANGUAGE_STANDARD = "gnu++0x";
				CLANG_CXX_LIBRARY = "libc++";
				CLANG_ENABLE_MODULES = YES;
				CLANG_ENABLE_OBJC_ARC = YES;
				CLANG_WARN_BOOL_CONVERSION = YES;
				CLANG_WARN_CONSTANT_CONVERSION = YES;
				CLANG_WARN_DIRECT_OBJC_ISA_USAGE = YES_ERROR;
				CLANG_WARN_EMPTY_BODY = YES;
				CLANG_WARN_ENUM_CONVERSION = YES;
				CLANG_WARN_INT_CONVERSION = YES;
				CLANG_WARN_OBJC_ROOT_CLASS = YES_ERROR;
				CLANG_WARN__DUPLICATE_METHOD_MATCH = YES;
				"CODE_SIGN_IDENTITY[sdk=iphoneos*]" = "iPhone Developer";
				COPY_PHASE_STRIP = NO;
				GCC_C_LANGUAGE_STANDARD = gnu99;
				GCC_DYNAMIC_NO_PIC = NO;
				GCC_OPTIMIZATION_LEVEL = 0;
				GCC_PREPROCESSOR_DEFINITIONS = (
					"DEBUG=1",
					"$(inherited)",
				);
				GCC_SYMBOLS_PRIVATE_EXTERN = NO;
				GCC_WARN_64_TO_32_BIT_CONVERSION = YES;
				GCC_WARN_ABOUT_RETURN_TYPE = YES_ERROR;
				GCC_WARN_UNDECLARED_SELECTOR = YES;
				GCC_WARN_UNINITIALIZED_AUTOS = YES;
				GCC_WARN_UNUSED_FUNCTION = YES;
				GCC_WARN_UNUSED_VARIABLE = YES;
				IPHONEOS_DEPLOYMENT_TARGET = 7.0;
				ONLY_ACTIVE_ARCH = YES;
				SDKROOT = iphoneos;
				TARGETED_DEVICE_FAMILY = "1,2";
			};
			name = Debug;
		};
		3A24B83C18A942F600E93EBB /* Release */ = {
			isa = XCBuildConfiguration;
			buildSettings = {
				ALWAYS_SEARCH_USER_PATHS = NO;
				CLANG_CXX_LANGUAGE_STANDARD = "gnu++0x";
				CLANG_CXX_LIBRARY = "libc++";
				CLANG_ENABLE_MODULES = YES;
				CLANG_ENABLE_OBJC_ARC = YES;
				CLANG_WARN_BOOL_CONVERSION = YES;
				CLANG_WARN_CONSTANT_CONVERSION = YES;
				CLANG_WARN_DIRECT_OBJC_ISA_USAGE = YES_ERROR;
				CLANG_WARN_EMPTY_BODY = YES;
				CLANG_WARN_ENUM_CONVERSION = YES;
				CLANG_WARN_INT_CONVERSION = YES;
				CLANG_WARN_OBJC_ROOT_CLASS = YES_ERROR;
				CLANG_WARN__DUPLICATE_METHOD_MATCH = YES;
				"CODE_SIGN_IDENTITY[sdk=iphoneos*]" = "iPhone Developer";
				COPY_PHASE_STRIP = YES;
				ENABLE_NS_ASSERTIONS = NO;
				GCC_C_LANGUAGE_STANDARD = gnu99;
				GCC_WARN_64_TO_32_BIT_CONVERSION = YES;
				GCC_WARN_ABOUT_RETURN_TYPE = YES_ERROR;
				GCC_WARN_UNDECLARED_SELECTOR = YES;
				GCC_WARN_UNINITIALIZED_AUTOS = YES;
				GCC_WARN_UNUSED_FUNCTION = YES;
				GCC_WARN_UNUSED_VARIABLE = YES;
				IPHONEOS_DEPLOYMENT_TARGET = 7.0;
				SDKROOT = iphoneos;
				TARGETED_DEVICE_FAMILY = "1,2";
				VALIDATE_PRODUCT = YES;
			};
			name = Release;
		};
		3A24B83E18A942F600E93EBB /* Debug */ = {
			isa = XCBuildConfiguration;
			buildSettings = {
				ASSETCATALOG_COMPILER_APPICON_NAME = AppIcon;
				ASSETCATALOG_COMPILER_LAUNCHIMAGE_NAME = LaunchImage;
				CODE_SIGN_IDENTITY = "iPhone Developer";
				"CODE_SIGN_IDENTITY[sdk=iphoneos*]" = "iPhone Developer";
				FRAMEWORK_SEARCH_PATHS = "$(inherited)";
				GCC_PRECOMPILE_PREFIX_HEADER = YES;
				GCC_PREFIX_HEADER = "Berries/Berries-Prefix.pch";
				INFOPLIST_FILE = "Berries/Berries-Info.plist";
				IPHONEOS_DEPLOYMENT_TARGET = 7.0;
				PRODUCT_NAME = "$(TARGET_NAME)";
				PROVISIONING_PROFILE = "";
				TARGETED_DEVICE_FAMILY = 1;
				WRAPPER_EXTENSION = app;
			};
			name = Debug;
		};
		3A24B83F18A942F600E93EBB /* Release */ = {
			isa = XCBuildConfiguration;
			buildSettings = {
				ASSETCATALOG_COMPILER_APPICON_NAME = AppIcon;
				ASSETCATALOG_COMPILER_LAUNCHIMAGE_NAME = LaunchImage;
				CODE_SIGN_IDENTITY = "iPhone Developer";
				"CODE_SIGN_IDENTITY[sdk=iphoneos*]" = "iPhone Developer";
				FRAMEWORK_SEARCH_PATHS = "$(inherited)";
				GCC_PRECOMPILE_PREFIX_HEADER = YES;
				GCC_PREFIX_HEADER = "Berries/Berries-Prefix.pch";
				INFOPLIST_FILE = "Berries/Berries-Info.plist";
				IPHONEOS_DEPLOYMENT_TARGET = 7.0;
				PRODUCT_NAME = "$(TARGET_NAME)";
				PROVISIONING_PROFILE = "";
				TARGETED_DEVICE_FAMILY = 1;
				WRAPPER_EXTENSION = app;
			};
			name = Release;
		};
		3A24B84118A942F600E93EBB /* Debug */ = {
			isa = XCBuildConfiguration;
			buildSettings = {
				BUNDLE_LOADER = "$(BUILT_PRODUCTS_DIR)/Berries.app/Berries";
				FRAMEWORK_SEARCH_PATHS = (
					"$(SDKROOT)/Developer/Library/Frameworks",
					"$(inherited)",
					"$(DEVELOPER_FRAMEWORKS_DIR)",
				);
				GCC_PRECOMPILE_PREFIX_HEADER = YES;
				GCC_PREFIX_HEADER = "Berries/Berries-Prefix.pch";
				GCC_PREPROCESSOR_DEFINITIONS = (
					"DEBUG=1",
					"$(inherited)",
				);
				INFOPLIST_FILE = "BerriesTests/BerriesTests-Info.plist";
				PRODUCT_NAME = "$(TARGET_NAME)";
				TEST_HOST = "$(BUNDLE_LOADER)";
				WRAPPER_EXTENSION = xctest;
			};
			name = Debug;
		};
		3A24B84218A942F600E93EBB /* Release */ = {
			isa = XCBuildConfiguration;
			buildSettings = {
				BUNDLE_LOADER = "$(BUILT_PRODUCTS_DIR)/Berries.app/Berries";
				FRAMEWORK_SEARCH_PATHS = (
					"$(SDKROOT)/Developer/Library/Frameworks",
					"$(inherited)",
					"$(DEVELOPER_FRAMEWORKS_DIR)",
				);
				GCC_PRECOMPILE_PREFIX_HEADER = YES;
				GCC_PREFIX_HEADER = "Berries/Berries-Prefix.pch";
				INFOPLIST_FILE = "BerriesTests/BerriesTests-Info.plist";
				PRODUCT_NAME = "$(TARGET_NAME)";
				TEST_HOST = "$(BUNDLE_LOADER)";
				WRAPPER_EXTENSION = xctest;
			};
			name = Release;
		};
/* End XCBuildConfiguration section */

/* Begin XCConfigurationList section */
		3A24B80618A942F600E93EBB /* Build configuration list for PBXProject "Berries" */ = {
			isa = XCConfigurationList;
			buildConfigurations = (
				3A24B83B18A942F600E93EBB /* Debug */,
				3A24B83C18A942F600E93EBB /* Release */,
			);
			defaultConfigurationIsVisible = 0;
			defaultConfigurationName = Release;
		};
		3A24B83D18A942F600E93EBB /* Build configuration list for PBXNativeTarget "Berries" */ = {
			isa = XCConfigurationList;
			buildConfigurations = (
				3A24B83E18A942F600E93EBB /* Debug */,
				3A24B83F18A942F600E93EBB /* Release */,
			);
			defaultConfigurationIsVisible = 0;
			defaultConfigurationName = Release;
		};
		3A24B84018A942F600E93EBB /* Build configuration list for PBXNativeTarget "BerriesTests" */ = {
			isa = XCConfigurationList;
			buildConfigurations = (
				3A24B84118A942F600E93EBB /* Debug */,
				3A24B84218A942F600E93EBB /* Release */,
			);
			defaultConfigurationIsVisible = 0;
			defaultConfigurationName = Release;
		};
/* End XCConfigurationList section */
	};
	rootObject = 3A24B80318A942F600E93EBB /* Project object */;
}
